
Microsoft Visual Studio Solution File, Format Version 12.00
# Visual Studio Version 16
VisualStudioVersion = 16.0.29519.87
MinimumVisualStudioVersion = 10.0.40219.1
Project("{FAE04EC0-301F-11D3-BF4B-00C04F79EFBC}") = "FixacaoEnumComp", "FixacaoEnumComp\FixacaoEnumComp.csproj", "{78F8E1E5-2349-4B56-946E-7E7BAE6825E5}"
EndProject
Global
	GlobalSection(SolutionConfigurationPlatforms) = preSolution
		Debug|Any CPU = Debug|Any CPU
		Release|Any CPU = Release|Any CPU
	EndGlobalSection
	GlobalSection(ProjectConfigurationPlatforms) = postSolution
		{78F8E1E5-2349-4B56-946E-7E7BAE6825E5}.Debug|Any CPU.ActiveCfg = Debug|Any CPU
		{78F8E1E5-2349-4B56-946E-7E7BAE6825E5}.Debug|Any CPU.Build.0 = Debug|Any CPU
		{78F8E1E5-2349-4B56-946E-7E7BAE6825E5}.Release|Any CPU.ActiveCfg = Release|Any CPU
		{78F8E1E5-2349-4B56-946E-7E7BAE6825E5}.Release|Any CPU.Build.0 = Release|Any CPU
	EndGlobalSection
	GlobalSection(SolutionProperties) = preSolution
		HideSolutionNode = FALSE
	EndGlobalSection
	GlobalSection(ExtensibilityGlobals) = postSolution
		SolutionGuid = {A49493D4-F40C-4603-AA7B-59C8D02FA166}
	EndGlobalSection
EndGlobal
