
Microsoft Visual Studio Solution File, Format Version 12.00
# Visual Studio Version 16
VisualStudioVersion = 16.0.29519.87
MinimumVisualStudioVersion = 10.0.40219.1
Project("{FAE04EC0-301F-11D3-BF4B-00C04F79EFBC}") = "StringBuilderExercise", "StringBuilderExercise\StringBuilderExercise.csproj", "{98355247-0459-458B-90B8-CFE3EA3D7BF8}"
EndProject
Global
	GlobalSection(SolutionConfigurationPlatforms) = preSolution
		Debug|Any CPU = Debug|Any CPU
		Release|Any CPU = Release|Any CPU
	EndGlobalSection
	GlobalSection(ProjectConfigurationPlatforms) = postSolution
		{98355247-0459-458B-90B8-CFE3EA3D7BF8}.Debug|Any CPU.ActiveCfg = Debug|Any CPU
		{98355247-0459-458B-90B8-CFE3EA3D7BF8}.Debug|Any CPU.Build.0 = Debug|Any CPU
		{98355247-0459-458B-90B8-CFE3EA3D7BF8}.Release|Any CPU.ActiveCfg = Release|Any CPU
		{98355247-0459-458B-90B8-CFE3EA3D7BF8}.Release|Any CPU.Build.0 = Release|Any CPU
	EndGlobalSection
	GlobalSection(SolutionProperties) = preSolution
		HideSolutionNode = FALSE
	EndGlobalSection
	GlobalSection(ExtensibilityGlobals) = postSolution
		SolutionGuid = {6D9428C6-AE64-40EE-90E9-5C1054700579}
	EndGlobalSection
EndGlobal
