
Microsoft Visual Studio Solution File, Format Version 12.00
# Visual Studio Version 16
VisualStudioVersion = 16.0.29519.87
MinimumVisualStudioVersion = 10.0.40219.1
Project("{FAE04EC0-301F-11D3-BF4B-00C04F79EFBC}") = "VetListasExercicios", "VetListasExercicios\VetListasExercicios.csproj", "{22284E9E-7869-4595-BEF5-194BFFA863CC}"
EndProject
Global
	GlobalSection(SolutionConfigurationPlatforms) = preSolution
		Debug|Any CPU = Debug|Any CPU
		Release|Any CPU = Release|Any CPU
	EndGlobalSection
	GlobalSection(ProjectConfigurationPlatforms) = postSolution
		{22284E9E-7869-4595-BEF5-194BFFA863CC}.Debug|Any CPU.ActiveCfg = Debug|Any CPU
		{22284E9E-7869-4595-BEF5-194BFFA863CC}.Debug|Any CPU.Build.0 = Debug|Any CPU
		{22284E9E-7869-4595-BEF5-194BFFA863CC}.Release|Any CPU.ActiveCfg = Release|Any CPU
		{22284E9E-7869-4595-BEF5-194BFFA863CC}.Release|Any CPU.Build.0 = Release|Any CPU
	EndGlobalSection
	GlobalSection(SolutionProperties) = preSolution
		HideSolutionNode = FALSE
	EndGlobalSection
	GlobalSection(ExtensibilityGlobals) = postSolution
		SolutionGuid = {22BB3B07-A32C-40E2-B26E-86D354B2086F}
	EndGlobalSection
EndGlobal
