
Microsoft Visual Studio Solution File, Format Version 12.00
# Visual Studio Version 16
VisualStudioVersion = 16.0.29519.87
MinimumVisualStudioVersion = 10.0.40219.1
Project("{FAE04EC0-301F-11D3-BF4B-00C04F79EFBC}") = "ClassesExercises", "ClassesExercises\ClassesExercises.csproj", "{BB5BC7A5-A470-49F6-AA63-DC941E7B9D14}"
EndProject
Global
	GlobalSection(SolutionConfigurationPlatforms) = preSolution
		Debug|Any CPU = Debug|Any CPU
		Release|Any CPU = Release|Any CPU
	EndGlobalSection
	GlobalSection(ProjectConfigurationPlatforms) = postSolution
		{BB5BC7A5-A470-49F6-AA63-DC941E7B9D14}.Debug|Any CPU.ActiveCfg = Debug|Any CPU
		{BB5BC7A5-A470-49F6-AA63-DC941E7B9D14}.Debug|Any CPU.Build.0 = Debug|Any CPU
		{BB5BC7A5-A470-49F6-AA63-DC941E7B9D14}.Release|Any CPU.ActiveCfg = Release|Any CPU
		{BB5BC7A5-A470-49F6-AA63-DC941E7B9D14}.Release|Any CPU.Build.0 = Release|Any CPU
	EndGlobalSection
	GlobalSection(SolutionProperties) = preSolution
		HideSolutionNode = FALSE
	EndGlobalSection
	GlobalSection(ExtensibilityGlobals) = postSolution
		SolutionGuid = {EB91DF44-4DB2-4FE2-B0B6-70121C2116D5}
	EndGlobalSection
EndGlobal
