
Microsoft Visual Studio Solution File, Format Version 12.00
# Visual Studio 15
VisualStudioVersion = 15.0.28307.168
MinimumVisualStudioVersion = 10.0.40219.1
Project("{FAE04EC0-301F-11D3-BF4B-00C04F79EFBC}") = "EnumExercises", "EnumExercises\EnumExercises.csproj", "{BF947F44-E3DD-4386-86E0-497D83C1C9B2}"
EndProject
Global
	GlobalSection(SolutionConfigurationPlatforms) = preSolution
		Debug|Any CPU = Debug|Any CPU
		Release|Any CPU = Release|Any CPU
	EndGlobalSection
	GlobalSection(ProjectConfigurationPlatforms) = postSolution
		{BF947F44-E3DD-4386-86E0-497D83C1C9B2}.Debug|Any CPU.ActiveCfg = Debug|Any CPU
		{BF947F44-E3DD-4386-86E0-497D83C1C9B2}.Debug|Any CPU.Build.0 = Debug|Any CPU
		{BF947F44-E3DD-4386-86E0-497D83C1C9B2}.Release|Any CPU.ActiveCfg = Release|Any CPU
		{BF947F44-E3DD-4386-86E0-497D83C1C9B2}.Release|Any CPU.Build.0 = Release|Any CPU
	EndGlobalSection
	GlobalSection(SolutionProperties) = preSolution
		HideSolutionNode = FALSE
	EndGlobalSection
	GlobalSection(ExtensibilityGlobals) = postSolution
		SolutionGuid = {361A3A1F-DEE0-4555-8823-CE50A0ACB6F9}
	EndGlobalSection
EndGlobal
