
Microsoft Visual Studio Solution File, Format Version 12.00
# Visual Studio Version 16
VisualStudioVersion = 16.0.29519.87
MinimumVisualStudioVersion = 10.0.40219.1
Project("{FAE04EC0-301F-11D3-BF4B-00C04F79EFBC}") = "ForEachExercicio", "ForEachExercicio\ForEachExercicio.csproj", "{E45334A1-A5AB-4D56-9B4B-232EA3A9DF44}"
EndProject
Global
	GlobalSection(SolutionConfigurationPlatforms) = preSolution
		Debug|Any CPU = Debug|Any CPU
		Release|Any CPU = Release|Any CPU
	EndGlobalSection
	GlobalSection(ProjectConfigurationPlatforms) = postSolution
		{E45334A1-A5AB-4D56-9B4B-232EA3A9DF44}.Debug|Any CPU.ActiveCfg = Debug|Any CPU
		{E45334A1-A5AB-4D56-9B4B-232EA3A9DF44}.Debug|Any CPU.Build.0 = Debug|Any CPU
		{E45334A1-A5AB-4D56-9B4B-232EA3A9DF44}.Release|Any CPU.ActiveCfg = Release|Any CPU
		{E45334A1-A5AB-4D56-9B4B-232EA3A9DF44}.Release|Any CPU.Build.0 = Release|Any CPU
	EndGlobalSection
	GlobalSection(SolutionProperties) = preSolution
		HideSolutionNode = FALSE
	EndGlobalSection
	GlobalSection(ExtensibilityGlobals) = postSolution
		SolutionGuid = {C6200552-5352-43E2-B6F8-AA45745B973F}
	EndGlobalSection
EndGlobal
